// !$*UTF8*$!
{
	archiveVersion = 1;
	classes = {
	};
	objectVersion = 46;
	objects = {

/* Begin PBXBuildFile section */
		AF14C5EF1C906616000F4EE0 /* main.m in Sources */ = {isa = PBXBuildFile; fileRef = AF14C5EE1C906616000F4EE0 /* main.m */; };
		AF14C5F21C906616000F4EE0 /* AppDelegate.m in Sources */ = {isa = PBXBuildFile; fileRef = AF14C5F11C906616000F4EE0 /* AppDelegate.m */; };
		AF14C5F51C906616000F4EE0 /* ViewController.m in Sources */ = {isa = PBXBuildFile; fileRef = AF14C5F41C906616000F4EE0 /* ViewController.m */; };
		AF14C5F81C906616000F4EE0 /* Main.storyboard in Resources */ = {isa = PBXBuildFile; fileRef = AF14C5F61C906616000F4EE0 /* Main.storyboard */; };
		AF14C5FA1C906616000F4EE0 /* Assets.xcassets in Resources */ = {isa = PBXBuildFile; fileRef = AF14C5F91C906616000F4EE0 /* Assets.xcassets */; };
		AF14C5FD1C906616000F4EE0 /* LaunchScreen.storyboard in Resources */ = {isa = PBXBuildFile; fileRef = AF14C5FB1C906616000F4EE0 /* LaunchScreen.storyboard */; };
		AF14C6081C906616000F4EE0 /* LNNetworkingTests.m in Sources */ = {isa = PBXBuildFile; fileRef = AF14C6071C906616000F4EE0 /* LNNetworkingTests.m */; };
		AF14C6131C906616000F4EE0 /* LNNetworkingUITests.m in Sources */ = {isa = PBXBuildFile; fileRef = AF14C6121C906616000F4EE0 /* LNNetworkingUITests.m */; };
		AFF084621C910B9500DC44A8 /* AFHTTPSessionManager.m in Sources */ = {isa = PBXBuildFile; fileRef = AFF084321C910B9500DC44A8 /* AFHTTPSessionManager.m */; };
		AFF084631C910B9500DC44A8 /* AFNetworkReachabilityManager.m in Sources */ = {isa = PBXBuildFile; fileRef = AFF084351C910B9500DC44A8 /* AFNetworkReachabilityManager.m */; };
		AFF084641C910B9500DC44A8 /* AFSecurityPolicy.m in Sources */ = {isa = PBXBuildFile; fileRef = AFF084371C910B9500DC44A8 /* AFSecurityPolicy.m */; };
		AFF084651C910B9500DC44A8 /* AFURLRequestSerialization.m in Sources */ = {isa = PBXBuildFile; fileRef = AFF084391C910B9500DC44A8 /* AFURLRequestSerialization.m */; };
		AFF084661C910B9500DC44A8 /* AFURLResponseSerialization.m in Sources */ = {isa = PBXBuildFile; fileRef = AFF0843B1C910B9500DC44A8 /* AFURLResponseSerialization.m */; };
		AFF084671C910B9500DC44A8 /* AFURLSessionManager.m in Sources */ = {isa = PBXBuildFile; fileRef = AFF0843D1C910B9500DC44A8 /* AFURLSessionManager.m */; };
		AFF084681C910B9500DC44A8 /* FBEncryptorAES.m in Sources */ = {isa = PBXBuildFile; fileRef = AFF084401C910B9500DC44A8 /* FBEncryptorAES.m */; };
		AFF084691C910B9500DC44A8 /* NSData+Base64.m in Sources */ = {isa = PBXBuildFile; fileRef = AFF084421C910B9500DC44A8 /* NSData+Base64.m */; };
		AFF0846A1C910B9500DC44A8 /* LNEncrypt.m in Sources */ = {isa = PBXBuildFile; fileRef = AFF084441C910B9500DC44A8 /* LNEncrypt.m */; };
		AFF0846B1C910B9500DC44A8 /* LNNetworkAPI.m in Sources */ = {isa = PBXBuildFile; fileRef = AFF084461C910B9500DC44A8 /* LNNetworkAPI.m */; };
		AFF0846C1C910B9500DC44A8 /* LNNetworking.m in Sources */ = {isa = PBXBuildFile; fileRef = AFF084481C910B9500DC44A8 /* LNNetworking.m */; };
		AFF0846D1C910B9500DC44A8 /* LNRequest.m in Sources */ = {isa = PBXBuildFile; fileRef = AFF0844A1C910B9500DC44A8 /* LNRequest.m */; };
		AFF0846E1C910B9500DC44A8 /* LNResponse.m in Sources */ = {isa = PBXBuildFile; fileRef = AFF0844C1C910B9500DC44A8 /* LNResponse.m */; };
		AFF0846F1C910B9500DC44A8 /* AFAutoPurgingImageCache.m in Sources */ = {isa = PBXBuildFile; fileRef = AFF0844F1C910B9500DC44A8 /* AFAutoPurgingImageCache.m */; };
		AFF084701C910B9500DC44A8 /* AFImageDownloader.m in Sources */ = {isa = PBXBuildFile; fileRef = AFF084511C910B9500DC44A8 /* AFImageDownloader.m */; };
		AFF084711C910B9500DC44A8 /* AFNetworkActivityIndicatorManager.m in Sources */ = {isa = PBXBuildFile; fileRef = AFF084531C910B9500DC44A8 /* AFNetworkActivityIndicatorManager.m */; };
		AFF084721C910B9500DC44A8 /* UIActivityIndicatorView+AFNetworking.m in Sources */ = {isa = PBXBuildFile; fileRef = AFF084551C910B9500DC44A8 /* UIActivityIndicatorView+AFNetworking.m */; };
		AFF084731C910B9500DC44A8 /* UIButton+AFNetworking.m in Sources */ = {isa = PBXBuildFile; fileRef = AFF084571C910B9500DC44A8 /* UIButton+AFNetworking.m */; };
		AFF084741C910B9500DC44A8 /* UIImageView+AFNetworking.m in Sources */ = {isa = PBXBuildFile; fileRef = AFF0845A1C910B9500DC44A8 /* UIImageView+AFNetworking.m */; };
		AFF084751C910B9500DC44A8 /* UIProgressView+AFNetworking.m in Sources */ = {isa = PBXBuildFile; fileRef = AFF0845D1C910B9500DC44A8 /* UIProgressView+AFNetworking.m */; };
		AFF084761C910B9500DC44A8 /* UIRefreshControl+AFNetworking.m in Sources */ = {isa = PBXBuildFile; fileRef = AFF0845F1C910B9500DC44A8 /* UIRefreshControl+AFNetworking.m */; };
		AFF084771C910B9500DC44A8 /* UIWebView+AFNetworking.m in Sources */ = {isa = PBXBuildFile; fileRef = AFF084611C910B9500DC44A8 /* UIWebView+AFNetworking.m */; };
/* End PBXBuildFile section */

/* Begin PBXContainerItemProxy section */
		AF14C6041C906616000F4EE0 /* PBXContainerItemProxy */ = {
			isa = PBXContainerItemProxy;
			containerPortal = AF14C5E21C906616000F4EE0 /* Project object */;
			proxyType = 1;
			remoteGlobalIDString = AF14C5E91C906616000F4EE0;
			remoteInfo = LNNetworking;
		};
		AF14C60F1C906616000F4EE0 /* PBXContainerItemProxy */ = {
			isa = PBXContainerItemProxy;
			containerPortal = AF14C5E21C906616000F4EE0 /* Project object */;
			proxyType = 1;
			remoteGlobalIDString = AF14C5E91C906616000F4EE0;
			remoteInfo = LNNetworking;
		};
/* End PBXContainerItemProxy section */

/* Begin PBXFileReference section */
		AF14C5EA1C906616000F4EE0 /* LNNetworking.app */ = {isa = PBXFileReference; explicitFileType = wrapper.application; includeInIndex = 0; path = LNNetworking.app; sourceTree = BUILT_PRODUCTS_DIR; };
		AF14C5EE1C906616000F4EE0 /* main.m */ = {isa = PBXFileReference; lastKnownFileType = sourcecode.c.objc; path = main.m; sourceTree = "<group>"; };
		AF14C5F01C906616000F4EE0 /* AppDelegate.h */ = {isa = PBXFileReference; lastKnownFileType = sourcecode.c.h; path = AppDelegate.h; sourceTree = "<group>"; };
		AF14C5F11C906616000F4EE0 /* AppDelegate.m */ = {isa = PBXFileReference; lastKnownFileType = sourcecode.c.objc; path = AppDelegate.m; sourceTree = "<group>"; };
		AF14C5F31C906616000F4EE0 /* ViewController.h */ = {isa = PBXFileReference; lastKnownFileType = sourcecode.c.h; path = ViewController.h; sourceTree = "<group>"; };
		AF14C5F41C906616000F4EE0 /* ViewController.m */ = {isa = PBXFileReference; lastKnownFileType = sourcecode.c.objc; path = ViewController.m; sourceTree = "<group>"; };
		AF14C5F71C906616000F4EE0 /* Base */ = {isa = PBXFileReference; lastKnownFileType = file.storyboard; name = Base; path = Base.lproj/Main.storyboard; sourceTree = "<group>"; };
		AF14C5F91C906616000F4EE0 /* Assets.xcassets */ = {isa = PBXFileReference; lastKnownFileType = folder.assetcatalog; path = Assets.xcassets; sourceTree = "<group>"; };
		AF14C5FC1C906616000F4EE0 /* Base */ = {isa = PBXFileReference; lastKnownFileType = file.storyboard; name = Base; path = Base.lproj/LaunchScreen.storyboard; sourceTree = "<group>"; };
		AF14C5FE1C906616000F4EE0 /* Info.plist */ = {isa = PBXFileReference; lastKnownFileType = text.plist.xml; path = Info.plist; sourceTree = "<group>"; };
		AF14C6031C906616000F4EE0 /* LNNetworkingTests.xctest */ = {isa = PBXFileReference; explicitFileType = wrapper.cfbundle; includeInIndex = 0; path = LNNetworkingTests.xctest; sourceTree = BUILT_PRODUCTS_DIR; };
		AF14C6071C906616000F4EE0 /* LNNetworkingTests.m */ = {isa = PBXFileReference; lastKnownFileType = sourcecode.c.objc; path = LNNetworkingTests.m; sourceTree = "<group>"; };
		AF14C6091C906616000F4EE0 /* Info.plist */ = {isa = PBXFileReference; lastKnownFileType = text.plist.xml; path = Info.plist; sourceTree = "<group>"; };
		AF14C60E1C906616000F4EE0 /* LNNetworkingUITests.xctest */ = {isa = PBXFileReference; explicitFileType = wrapper.cfbundle; includeInIndex = 0; path = LNNetworkingUITests.xctest; sourceTree = BUILT_PRODUCTS_DIR; };
		AF14C6121C906616000F4EE0 /* LNNetworkingUITests.m */ = {isa = PBXFileReference; lastKnownFileType = sourcecode.c.objc; path = LNNetworkingUITests.m; sourceTree = "<group>"; };
		AF14C6141C906616000F4EE0 /* Info.plist */ = {isa = PBXFileReference; lastKnownFileType = text.plist.xml; path = Info.plist; sourceTree = "<group>"; };
		AFF084311C910B9500DC44A8 /* AFHTTPSessionManager.h */ = {isa = PBXFileReference; fileEncoding = 4; lastKnownFileType = sourcecode.c.h; path = AFHTTPSessionManager.h; sourceTree = "<group>"; };
		AFF084321C910B9500DC44A8 /* AFHTTPSessionManager.m */ = {isa = PBXFileReference; fileEncoding = 4; lastKnownFileType = sourcecode.c.objc; path = AFHTTPSessionManager.m; sourceTree = "<group>"; };
		AFF084331C910B9500DC44A8 /* AFNetworking.h */ = {isa = PBXFileReference; fileEncoding = 4; lastKnownFileType = sourcecode.c.h; path = AFNetworking.h; sourceTree = "<group>"; };
		AFF084341C910B9500DC44A8 /* AFNetworkReachabilityManager.h */ = {isa = PBXFileReference; fileEncoding = 4; lastKnownFileType = sourcecode.c.h; path = AFNetworkReachabilityManager.h; sourceTree = "<group>"; };
		AFF084351C910B9500DC44A8 /* AFNetworkReachabilityManager.m */ = {isa = PBXFileReference; fileEncoding = 4; lastKnownFileType = sourcecode.c.objc; path = AFNetworkReachabilityManager.m; sourceTree = "<group>"; };
		AFF084361C910B9500DC44A8 /* AFSecurityPolicy.h */ = {isa = PBXFileReference; fileEncoding = 4; lastKnownFileType = sourcecode.c.h; path = AFSecurityPolicy.h; sourceTree = "<group>"; };
		AFF084371C910B9500DC44A8 /* AFSecurityPolicy.m */ = {isa = PBXFileReference; fileEncoding = 4; lastKnownFileType = sourcecode.c.objc; path = AFSecurityPolicy.m; sourceTree = "<group>"; };
		AFF084381C910B9500DC44A8 /* AFURLRequestSerialization.h */ = {isa = PBXFileReference; fileEncoding = 4; lastKnownFileType = sourcecode.c.h; path = AFURLRequestSerialization.h; sourceTree = "<group>"; };
		AFF084391C910B9500DC44A8 /* AFURLRequestSerialization.m */ = {isa = PBXFileReference; fileEncoding = 4; lastKnownFileType = sourcecode.c.objc; path = AFURLRequestSerialization.m; sourceTree = "<group>"; };
		AFF0843A1C910B9500DC44A8 /* AFURLResponseSerialization.h */ = {isa = PBXFileReference; fileEncoding = 4; lastKnownFileType = sourcecode.c.h; path = AFURLResponseSerialization.h; sourceTree = "<group>"; };
		AFF0843B1C910B9500DC44A8 /* AFURLResponseSerialization.m */ = {isa = PBXFileReference; fileEncoding = 4; lastKnownFileType = sourcecode.c.objc; path = AFURLResponseSerialization.m; sourceTree = "<group>"; };
		AFF0843C1C910B9500DC44A8 /* AFURLSessionManager.h */ = {isa = PBXFileReference; fileEncoding = 4; lastKnownFileType = sourcecode.c.h; path = AFURLSessionManager.h; sourceTree = "<group>"; };
		AFF0843D1C910B9500DC44A8 /* AFURLSessionManager.m */ = {isa = PBXFileReference; fileEncoding = 4; lastKnownFileType = sourcecode.c.objc; path = AFURLSessionManager.m; sourceTree = "<group>"; };
		AFF0843F1C910B9500DC44A8 /* FBEncryptorAES.h */ = {isa = PBXFileReference; fileEncoding = 4; lastKnownFileType = sourcecode.c.h; path = FBEncryptorAES.h; sourceTree = "<group>"; };
		AFF084401C910B9500DC44A8 /* FBEncryptorAES.m */ = {isa = PBXFileReference; fileEncoding = 4; lastKnownFileType = sourcecode.c.objc; path = FBEncryptorAES.m; sourceTree = "<group>"; };
		AFF084411C910B9500DC44A8 /* NSData+Base64.h */ = {isa = PBXFileReference; fileEncoding = 4; lastKnownFileType = sourcecode.c.h; path = "NSData+Base64.h"; sourceTree = "<group>"; };
		AFF084421C910B9500DC44A8 /* NSData+Base64.m */ = {isa = PBXFileReference; fileEncoding = 4; lastKnownFileType = sourcecode.c.objc; path = "NSData+Base64.m"; sourceTree = "<group>"; };
		AFF084431C910B9500DC44A8 /* LNEncrypt.h */ = {isa = PBXFileReference; fileEncoding = 4; lastKnownFileType = sourcecode.c.h; path = LNEncrypt.h; sourceTree = "<group>"; };
		AFF084441C910B9500DC44A8 /* LNEncrypt.m */ = {isa = PBXFileReference; fileEncoding = 4; lastKnownFileType = sourcecode.c.objc; path = LNEncrypt.m; sourceTree = "<group>"; };
		AFF084451C910B9500DC44A8 /* LNNetworkAPI.h */ = {isa = PBXFileReference; fileEncoding = 4; lastKnownFileType = sourcecode.c.h; path = LNNetworkAPI.h; sourceTree = "<group>"; };
		AFF084461C910B9500DC44A8 /* LNNetworkAPI.m */ = {isa = PBXFileReference; fileEncoding = 4; lastKnownFileType = sourcecode.c.objc; path = LNNetworkAPI.m; sourceTree = "<group>"; };
		AFF084471C910B9500DC44A8 /* LNNetworking.h */ = {isa = PBXFileReference; fileEncoding = 4; lastKnownFileType = sourcecode.c.h; path = LNNetworking.h; sourceTree = "<group>"; };
		AFF084481C910B9500DC44A8 /* LNNetworking.m */ = {isa = PBXFileReference; fileEncoding = 4; lastKnownFileType = sourcecode.c.objc; path = LNNetworking.m; sourceTree = "<group>"; };
		AFF084491C910B9500DC44A8 /* LNRequest.h */ = {isa = PBXFileReference; fileEncoding = 4; lastKnownFileType = sourcecode.c.h; path = LNRequest.h; sourceTree = "<group>"; };
		AFF0844A1C910B9500DC44A8 /* LNRequest.m */ = {isa = PBXFileReference; fileEncoding = 4; lastKnownFileType = sourcecode.c.objc; path = LNRequest.m; sourceTree = "<group>"; };
		AFF0844B1C910B9500DC44A8 /* LNResponse.h */ = {isa = PBXFileReference; fileEncoding = 4; lastKnownFileType = sourcecode.c.h; path = LNResponse.h; sourceTree = "<group>"; };
		AFF0844C1C910B9500DC44A8 /* LNResponse.m */ = {isa = PBXFileReference; fileEncoding = 4; lastKnownFileType = sourcecode.c.objc; path = LNResponse.m; sourceTree = "<group>"; };
		AFF0844E1C910B9500DC44A8 /* AFAutoPurgingImageCache.h */ = {isa = PBXFileReference; fileEncoding = 4; lastKnownFileType = sourcecode.c.h; path = AFAutoPurgingImageCache.h; sourceTree = "<group>"; };
		AFF0844F1C910B9500DC44A8 /* AFAutoPurgingImageCache.m */ = {isa = PBXFileReference; fileEncoding = 4; lastKnownFileType = sourcecode.c.objc; path = AFAutoPurgingImageCache.m; sourceTree = "<group>"; };
		AFF084501C910B9500DC44A8 /* AFImageDownloader.h */ = {isa = PBXFileReference; fileEncoding = 4; lastKnownFileType = sourcecode.c.h; path = AFImageDownloader.h; sourceTree = "<group>"; };
		AFF084511C910B9500DC44A8 /* AFImageDownloader.m */ = {isa = PBXFileReference; fileEncoding = 4; lastKnownFileType = sourcecode.c.objc; path = AFImageDownloader.m; sourceTree = "<group>"; };
		AFF084521C910B9500DC44A8 /* AFNetworkActivityIndicatorManager.h */ = {isa = PBXFileReference; fileEncoding = 4; lastKnownFileType = sourcecode.c.h; path = AFNetworkActivityIndicatorManager.h; sourceTree = "<group>"; };
		AFF084531C910B9500DC44A8 /* AFNetworkActivityIndicatorManager.m */ = {isa = PBXFileReference; fileEncoding = 4; lastKnownFileType = sourcecode.c.objc; path = AFNetworkActivityIndicatorManager.m; sourceTree = "<group>"; };
		AFF084541C910B9500DC44A8 /* UIActivityIndicatorView+AFNetworking.h */ = {isa = PBXFileReference; fileEncoding = 4; lastKnownFileType = sourcecode.c.h; path = "UIActivityIndicatorView+AFNetworking.h"; sourceTree = "<group>"; };
		AFF084551C910B9500DC44A8 /* UIActivityIndicatorView+AFNetworking.m */ = {isa = PBXFileReference; fileEncoding = 4; lastKnownFileType = sourcecode.c.objc; path = "UIActivityIndicatorView+AFNetworking.m"; sourceTree = "<group>"; };
		AFF084561C910B9500DC44A8 /* UIButton+AFNetworking.h */ = {isa = PBXFileReference; fileEncoding = 4; lastKnownFileType = sourcecode.c.h; path = "UIButton+AFNetworking.h"; sourceTree = "<group>"; };
		AFF084571C910B9500DC44A8 /* UIButton+AFNetworking.m */ = {isa = PBXFileReference; fileEncoding = 4; lastKnownFileType = sourcecode.c.objc; path = "UIButton+AFNetworking.m"; sourceTree = "<group>"; };
		AFF084581C910B9500DC44A8 /* UIImage+AFNetworking.h */ = {isa = PBXFileReference; fileEncoding = 4; lastKnownFileType = sourcecode.c.h; path = "UIImage+AFNetworking.h"; sourceTree = "<group>"; };
		AFF084591C910B9500DC44A8 /* UIImageView+AFNetworking.h */ = {isa = PBXFileReference; fileEncoding = 4; lastKnownFileType = sourcecode.c.h; path = "UIImageView+AFNetworking.h"; sourceTree = "<group>"; };
		AFF0845A1C910B9500DC44A8 /* UIImageView+AFNetworking.m */ = {isa = PBXFileReference; fileEncoding = 4; lastKnownFileType = sourcecode.c.objc; path = "UIImageView+AFNetworking.m"; sourceTree = "<group>"; };
		AFF0845B1C910B9500DC44A8 /* UIKit+AFNetworking.h */ = {isa = PBXFileReference; fileEncoding = 4; lastKnownFileType = sourcecode.c.h; path = "UIKit+AFNetworking.h"; sourceTree = "<group>"; };
		AFF0845C1C910B9500DC44A8 /* UIProgressView+AFNetworking.h */ = {isa = PBXFileReference; fileEncoding = 4; lastKnownFileType = sourcecode.c.h; path = "UIProgressView+AFNetworking.h"; sourceTree = "<group>"; };
		AFF0845D1C910B9500DC44A8 /* UIProgressView+AFNetworking.m */ = {isa = PBXFileReference; fileEncoding = 4; lastKnownFileType = sourcecode.c.objc; path = "UIProgressView+AFNetworking.m"; sourceTree = "<group>"; };
		AFF0845E1C910B9500DC44A8 /* UIRefreshControl+AFNetworking.h */ = {isa = PBXFileReference; fileEncoding = 4; lastKnownFileType = sourcecode.c.h; path = "UIRefreshControl+AFNetworking.h"; sourceTree = "<group>"; };
		AFF0845F1C910B9500DC44A8 /* UIRefreshControl+AFNetworking.m */ = {isa = PBXFileReference; fileEncoding = 4; lastKnownFileType = sourcecode.c.objc; path = "UIRefreshControl+AFNetworking.m"; sourceTree = "<group>"; };
		AFF084601C910B9500DC44A8 /* UIWebView+AFNetworking.h */ = {isa = PBXFileReference; fileEncoding = 4; lastKnownFileType = sourcecode.c.h; path = "UIWebView+AFNetworking.h"; sourceTree = "<group>"; };
		AFF084611C910B9500DC44A8 /* UIWebView+AFNetworking.m */ = {isa = PBXFileReference; fileEncoding = 4; lastKnownFileType = sourcecode.c.objc; path = "UIWebView+AFNetworking.m"; sourceTree = "<group>"; };
/* End PBXFileReference section */

/* Begin PBXFrameworksBuildPhase section */
		AF14C5E71C906616000F4EE0 /* Frameworks */ = {
			isa = PBXFrameworksBuildPhase;
			buildActionMask = 2147483647;
			files = (
			);
			runOnlyForDeploymentPostprocessing = 0;
		};
		AF14C6001C906616000F4EE0 /* Frameworks */ = {
			isa = PBXFrameworksBuildPhase;
			buildActionMask = 2147483647;
			files = (
			);
			runOnlyForDeploymentPostprocessing = 0;
		};
		AF14C60B1C906616000F4EE0 /* Frameworks */ = {
			isa = PBXFrameworksBuildPhase;
			buildActionMask = 2147483647;
			files = (
			);
			runOnlyForDeploymentPostprocessing = 0;
		};
/* End PBXFrameworksBuildPhase section */

/* Begin PBXGroup section */
		AF14C5E11C906616000F4EE0 = {
			isa = PBXGroup;
			children = (
				AFF0842F1C910B9500DC44A8 /* LNNetwork */,
				AF14C5EC1C906616000F4EE0 /* LNNetworking */,
				AF14C6061C906616000F4EE0 /* LNNetworkingTests */,
				AF14C6111C906616000F4EE0 /* LNNetworkingUITests */,
				AF14C5EB1C906616000F4EE0 /* Products */,
			);
			sourceTree = "<group>";
		};
		AF14C5EB1C906616000F4EE0 /* Products */ = {
			isa = PBXGroup;
			children = (
				AF14C5EA1C906616000F4EE0 /* LNNetworking.app */,
				AF14C6031C906616000F4EE0 /* LNNetworkingTests.xctest */,
				AF14C60E1C906616000F4EE0 /* LNNetworkingUITests.xctest */,
			);
			name = Products;
			sourceTree = "<group>";
		};
		AF14C5EC1C906616000F4EE0 /* LNNetworking */ = {
			isa = PBXGroup;
			children = (
				AF14C5F01C906616000F4EE0 /* AppDelegate.h */,
				AF14C5F11C906616000F4EE0 /* AppDelegate.m */,
				AF14C5F31C906616000F4EE0 /* ViewController.h */,
				AF14C5F41C906616000F4EE0 /* ViewController.m */,
				AF14C5F61C906616000F4EE0 /* Main.storyboard */,
				AF14C5F91C906616000F4EE0 /* Assets.xcassets */,
				AF14C5FB1C906616000F4EE0 /* LaunchScreen.storyboard */,
				AF14C5FE1C906616000F4EE0 /* Info.plist */,
				AF14C5ED1C906616000F4EE0 /* Supporting Files */,
			);
			path = LNNetworking;
			sourceTree = "<group>";
		};
		AF14C5ED1C906616000F4EE0 /* Supporting Files */ = {
			isa = PBXGroup;
			children = (
				AF14C5EE1C906616000F4EE0 /* main.m */,
			);
			name = "Supporting Files";
			sourceTree = "<group>";
		};
		AF14C6061C906616000F4EE0 /* LNNetworkingTests */ = {
			isa = PBXGroup;
			children = (
				AF14C6071C906616000F4EE0 /* LNNetworkingTests.m */,
				AF14C6091C906616000F4EE0 /* Info.plist */,
			);
			path = LNNetworkingTests;
			sourceTree = "<group>";
		};
		AF14C6111C906616000F4EE0 /* LNNetworkingUITests */ = {
			isa = PBXGroup;
			children = (
				AF14C6121C906616000F4EE0 /* LNNetworkingUITests.m */,
				AF14C6141C906616000F4EE0 /* Info.plist */,
			);
			path = LNNetworkingUITests;
			sourceTree = "<group>";
		};
		AFF0842F1C910B9500DC44A8 /* LNNetwork */ = {
			isa = PBXGroup;
			children = (
				AFF084301C910B9500DC44A8 /* AFNetworking */,
				AFF0843E1C910B9500DC44A8 /* FBEncryptor */,
				AFF084431C910B9500DC44A8 /* LNEncrypt.h */,
				AFF084441C910B9500DC44A8 /* LNEncrypt.m */,
				AFF084451C910B9500DC44A8 /* LNNetworkAPI.h */,
				AFF084461C910B9500DC44A8 /* LNNetworkAPI.m */,
				AFF084471C910B9500DC44A8 /* LNNetworking.h */,
				AFF084481C910B9500DC44A8 /* LNNetworking.m */,
				AFF084491C910B9500DC44A8 /* LNRequest.h */,
				AFF0844A1C910B9500DC44A8 /* LNRequest.m */,
				AFF0844B1C910B9500DC44A8 /* LNResponse.h */,
				AFF0844C1C910B9500DC44A8 /* LNResponse.m */,
				AFF0844D1C910B9500DC44A8 /* UIKit+AFNetworking */,
			);
			path = LNNetwork;
			sourceTree = "<group>";
		};
		AFF084301C910B9500DC44A8 /* AFNetworking */ = {
			isa = PBXGroup;
			children = (
				AFF084311C910B9500DC44A8 /* AFHTTPSessionManager.h */,
				AFF084321C910B9500DC44A8 /* AFHTTPSessionManager.m */,
				AFF084331C910B9500DC44A8 /* AFNetworking.h */,
				AFF084341C910B9500DC44A8 /* AFNetworkReachabilityManager.h */,
				AFF084351C910B9500DC44A8 /* AFNetworkReachabilityManager.m */,
				AFF084361C910B9500DC44A8 /* AFSecurityPolicy.h */,
				AFF084371C910B9500DC44A8 /* AFSecurityPolicy.m */,
				AFF084381C910B9500DC44A8 /* AFURLRequestSerialization.h */,
				AFF084391C910B9500DC44A8 /* AFURLRequestSerialization.m */,
				AFF0843A1C910B9500DC44A8 /* AFURLResponseSerialization.h */,
				AFF0843B1C910B9500DC44A8 /* AFURLResponseSerialization.m */,
				AFF0843C1C910B9500DC44A8 /* AFURLSessionManager.h */,
				AFF0843D1C910B9500DC44A8 /* AFURLSessionManager.m */,
			);
			path = AFNetworking;
			sourceTree = "<group>";
		};
		AFF0843E1C910B9500DC44A8 /* FBEncryptor */ = {
			isa = PBXGroup;
			children = (
				AFF0843F1C910B9500DC44A8 /* FBEncryptorAES.h */,
				AFF084401C910B9500DC44A8 /* FBEncryptorAES.m */,
				AFF084411C910B9500DC44A8 /* NSData+Base64.h */,
				AFF084421C910B9500DC44A8 /* NSData+Base64.m */,
			);
			path = FBEncryptor;
			sourceTree = "<group>";
		};
		AFF0844D1C910B9500DC44A8 /* UIKit+AFNetworking */ = {
			isa = PBXGroup;
			children = (
				AFF0844E1C910B9500DC44A8 /* AFAutoPurgingImageCache.h */,
				AFF0844F1C910B9500DC44A8 /* AFAutoPurgingImageCache.m */,
				AFF084501C910B9500DC44A8 /* AFImageDownloader.h */,
				AFF084511C910B9500DC44A8 /* AFImageDownloader.m */,
				AFF084521C910B9500DC44A8 /* AFNetworkActivityIndicatorManager.h */,
				AFF084531C910B9500DC44A8 /* AFNetworkActivityIndicatorManager.m */,
				AFF084541C910B9500DC44A8 /* UIActivityIndicatorView+AFNetworking.h */,
				AFF084551C910B9500DC44A8 /* UIActivityIndicatorView+AFNetworking.m */,
				AFF084561C910B9500DC44A8 /* UIButton+AFNetworking.h */,
				AFF084571C910B9500DC44A8 /* UIButton+AFNetworking.m */,
				AFF084581C910B9500DC44A8 /* UIImage+AFNetworking.h */,
				AFF084591C910B9500DC44A8 /* UIImageView+AFNetworking.h */,
				AFF0845A1C910B9500DC44A8 /* UIImageView+AFNetworking.m */,
				AFF0845B1C910B9500DC44A8 /* UIKit+AFNetworking.h */,
				AFF0845C1C910B9500DC44A8 /* UIProgressView+AFNetworking.h */,
				AFF0845D1C910B9500DC44A8 /* UIProgressView+AFNetworking.m */,
				AFF0845E1C910B9500DC44A8 /* UIRefreshControl+AFNetworking.h */,
				AFF0845F1C910B9500DC44A8 /* UIRefreshControl+AFNetworking.m */,
				AFF084601C910B9500DC44A8 /* UIWebView+AFNetworking.h */,
				AFF084611C910B9500DC44A8 /* UIWebView+AFNetworking.m */,
			);
			path = "UIKit+AFNetworking";
			sourceTree = "<group>";
		};
/* End PBXGroup section */

/* Begin PBXNativeTarget section */
		AF14C5E91C906616000F4EE0 /* LNNetworking */ = {
			isa = PBXNativeTarget;
			buildConfigurationList = AF14C6171C906616000F4EE0 /* Build configuration list for PBXNativeTarget "LNNetworking" */;
			buildPhases = (
				AF14C5E61C906616000F4EE0 /* Sources */,
				AF14C5E71C906616000F4EE0 /* Frameworks */,
				AF14C5E81C906616000F4EE0 /* Resources */,
			);
			buildRules = (
			);
			dependencies = (
			);
			name = LNNetworking;
			productName = LNNetworking;
			productReference = AF14C5EA1C906616000F4EE0 /* LNNetworking.app */;
			productType = "com.apple.product-type.application";
		};
		AF14C6021C906616000F4EE0 /* LNNetworkingTests */ = {
			isa = PBXNativeTarget;
			buildConfigurationList = AF14C61A1C906616000F4EE0 /* Build configuration list for PBXNativeTarget "LNNetworkingTests" */;
			buildPhases = (
				AF14C5FF1C906616000F4EE0 /* Sources */,
				AF14C6001C906616000F4EE0 /* Frameworks */,
				AF14C6011C906616000F4EE0 /* Resources */,
			);
			buildRules = (
			);
			dependencies = (
				AF14C6051C906616000F4EE0 /* PBXTargetDependency */,
			);
			name = LNNetworkingTests;
			productName = LNNetworkingTests;
			productReference = AF14C6031C906616000F4EE0 /* LNNetworkingTests.xctest */;
			productType = "com.apple.product-type.bundle.unit-test";
		};
		AF14C60D1C906616000F4EE0 /* LNNetworkingUITests */ = {
			isa = PBXNativeTarget;
			buildConfigurationList = AF14C61D1C906616000F4EE0 /* Build configuration list for PBXNativeTarget "LNNetworkingUITests" */;
			buildPhases = (
				AF14C60A1C906616000F4EE0 /* Sources */,
				AF14C60B1C906616000F4EE0 /* Frameworks */,
				AF14C60C1C906616000F4EE0 /* Resources */,
			);
			buildRules = (
			);
			dependencies = (
				AF14C6101C906616000F4EE0 /* PBXTargetDependency */,
			);
			name = LNNetworkingUITests;
			productName = LNNetworkingUITests;
			productReference = AF14C60E1C906616000F4EE0 /* LNNetworkingUITests.xctest */;
			productType = "com.apple.product-type.bundle.ui-testing";
		};
/* End PBXNativeTarget section */

/* Begin PBXProject section */
		AF14C5E21C906616000F4EE0 /* Project object */ = {
			isa = PBXProject;
			attributes = {
				LastUpgradeCheck = 0720;
				ORGANIZATIONNAME = vvusu;
				TargetAttributes = {
					AF14C5E91C906616000F4EE0 = {
						CreatedOnToolsVersion = 7.2.1;
					};
					AF14C6021C906616000F4EE0 = {
						CreatedOnToolsVersion = 7.2.1;
						TestTargetID = AF14C5E91C906616000F4EE0;
					};
					AF14C60D1C906616000F4EE0 = {
						CreatedOnToolsVersion = 7.2.1;
						TestTargetID = AF14C5E91C906616000F4EE0;
					};
				};
			};
			buildConfigurationList = AF14C5E51C906616000F4EE0 /* Build configuration list for PBXProject "LNNetworking" */;
			compatibilityVersion = "Xcode 3.2";
			developmentRegion = English;
			hasScannedForEncodings = 0;
			knownRegions = (
				en,
				Base,
			);
			mainGroup = AF14C5E11C906616000F4EE0;
			productRefGroup = AF14C5EB1C906616000F4EE0 /* Products */;
			projectDirPath = "";
			projectRoot = "";
			targets = (
				AF14C5E91C906616000F4EE0 /* LNNetworking */,
				AF14C6021C906616000F4EE0 /* LNNetworkingTests */,
				AF14C60D1C906616000F4EE0 /* LNNetworkingUITests */,
			);
		};
/* End PBXProject section */

/* Begin PBXResourcesBuildPhase section */
		AF14C5E81C906616000F4EE0 /* Resources */ = {
			isa = PBXResourcesBuildPhase;
			buildActionMask = 2147483647;
			files = (
				AF14C5FD1C906616000F4EE0 /* LaunchScreen.storyboard in Resources */,
				AF14C5FA1C906616000F4EE0 /* Assets.xcassets in Resources */,
				AF14C5F81C906616000F4EE0 /* Main.storyboard in Resources */,
			);
			runOnlyForDeploymentPostprocessing = 0;
		};
		AF14C6011C906616000F4EE0 /* Resources */ = {
			isa = PBXResourcesBuildPhase;
			buildActionMask = 2147483647;
			files = (
			);
			runOnlyForDeploymentPostprocessing = 0;
		};
		AF14C60C1C906616000F4EE0 /* Resources */ = {
			isa = PBXResourcesBuildPhase;
			buildActionMask = 2147483647;
			files = (
			);
			runOnlyForDeploymentPostprocessing = 0;
		};
/* End PBXResourcesBuildPhase section */

/* Begin PBXSourcesBuildPhase section */
		AF14C5E61C906616000F4EE0 /* Sources */ = {
			isa = PBXSourcesBuildPhase;
			buildActionMask = 2147483647;
			files = (
				AFF0846E1C910B9500DC44A8 /* LNResponse.m in Sources */,
				AFF084681C910B9500DC44A8 /* FBEncryptorAES.m in Sources */,
				AFF084761C910B9500DC44A8 /* UIRefreshControl+AFNetworking.m in Sources */,
				AFF084731C910B9500DC44A8 /* UIButton+AFNetworking.m in Sources */,
				AFF084751C910B9500DC44A8 /* UIProgressView+AFNetworking.m in Sources */,
				AFF0846F1C910B9500DC44A8 /* AFAutoPurgingImageCache.m in Sources */,
				AFF0846B1C910B9500DC44A8 /* LNNetworkAPI.m in Sources */,
				AFF084711C910B9500DC44A8 /* AFNetworkActivityIndicatorManager.m in Sources */,
				AFF0846A1C910B9500DC44A8 /* LNEncrypt.m in Sources */,
				AFF084721C910B9500DC44A8 /* UIActivityIndicatorView+AFNetworking.m in Sources */,
				AFF0846D1C910B9500DC44A8 /* LNRequest.m in Sources */,
				AFF084741C910B9500DC44A8 /* UIImageView+AFNetworking.m in Sources */,
				AFF084671C910B9500DC44A8 /* AFURLSessionManager.m in Sources */,
				AF14C5F51C906616000F4EE0 /* ViewController.m in Sources */,
				AFF084691C910B9500DC44A8 /* NSData+Base64.m in Sources */,
				AF14C5F21C906616000F4EE0 /* AppDelegate.m in Sources */,
				AFF084631C910B9500DC44A8 /* AFNetworkReachabilityManager.m in Sources */,
				AFF084701C910B9500DC44A8 /* AFImageDownloader.m in Sources */,
				AF14C5EF1C906616000F4EE0 /* main.m in Sources */,
				AFF084641C910B9500DC44A8 /* AFSecurityPolicy.m in Sources */,
				AFF084651C910B9500DC44A8 /* AFURLRequestSerialization.m in Sources */,
				AFF084661C910B9500DC44A8 /* AFURLResponseSerialization.m in Sources */,
				AFF084771C910B9500DC44A8 /* UIWebView+AFNetworking.m in Sources */,
				AFF084621C910B9500DC44A8 /* AFHTTPSessionManager.m in Sources */,
				AFF0846C1C910B9500DC44A8 /* LNNetworking.m in Sources */,
			);
			runOnlyForDeploymentPostprocessing = 0;
		};
		AF14C5FF1C906616000F4EE0 /* Sources */ = {
			isa = PBXSourcesBuildPhase;
			buildActionMask = 2147483647;
			files = (
				AF14C6081C906616000F4EE0 /* LNNetworkingTests.m in Sources */,
			);
			runOnlyForDeploymentPostprocessing = 0;
		};
		AF14C60A1C906616000F4EE0 /* Sources */ = {
			isa = PBXSourcesBuildPhase;
			buildActionMask = 2147483647;
			files = (
				AF14C6131C906616000F4EE0 /* LNNetworkingUITests.m in Sources */,
			);
			runOnlyForDeploymentPostprocessing = 0;
		};
/* End PBXSourcesBuildPhase section */

/* Begin PBXTargetDependency section */
		AF14C6051C906616000F4EE0 /* PBXTargetDependency */ = {
			isa = PBXTargetDependency;
			target = AF14C5E91C906616000F4EE0 /* LNNetworking */;
			targetProxy = AF14C6041C906616000F4EE0 /* PBXContainerItemProxy */;
		};
		AF14C6101C906616000F4EE0 /* PBXTargetDependency */ = {
			isa = PBXTargetDependency;
			target = AF14C5E91C906616000F4EE0 /* LNNetworking */;
			targetProxy = AF14C60F1C906616000F4EE0 /* PBXContainerItemProxy */;
		};
/* End PBXTargetDependency section */

/* Begin PBXVariantGroup section */
		AF14C5F61C906616000F4EE0 /* Main.storyboard */ = {
			isa = PBXVariantGroup;
			children = (
				AF14C5F71C906616000F4EE0 /* Base */,
			);
			name = Main.storyboard;
			sourceTree = "<group>";
		};
		AF14C5FB1C906616000F4EE0 /* LaunchScreen.storyboard */ = {
			isa = PBXVariantGroup;
			children = (
				AF14C5FC1C906616000F4EE0 /* Base */,
			);
			name = LaunchScreen.storyboard;
			sourceTree = "<group>";
		};
/* End PBXVariantGroup section */

/* Begin XCBuildConfiguration section */
		AF14C6151C906616000F4EE0 /* Debug */ = {
			isa = XCBuildConfiguration;
			buildSettings = {
				ALWAYS_SEARCH_USER_PATHS = NO;
				CLANG_CXX_LANGUAGE_STANDARD = "gnu++0x";
				CLANG_CXX_LIBRARY = "libc++";
				CLANG_ENABLE_MODULES = YES;
				CLANG_ENABLE_OBJC_ARC = YES;
				CLANG_WARN_BOOL_CONVERSION = YES;
				CLANG_WARN_CONSTANT_CONVERSION = YES;
				CLANG_WARN_DIRECT_OBJC_ISA_USAGE = YES_ERROR;
				CLANG_WARN_EMPTY_BODY = YES;
				CLANG_WARN_ENUM_CONVERSION = YES;
				CLANG_WARN_INT_CONVERSION = YES;
				CLANG_WARN_OBJC_ROOT_CLASS = YES_ERROR;
				CLANG_WARN_UNREACHABLE_CODE = YES;
				CLANG_WARN__DUPLICATE_METHOD_MATCH = YES;
				"CODE_SIGN_IDENTITY[sdk=iphoneos*]" = "iPhone Developer";
				COPY_PHASE_STRIP = NO;
				DEBUG_INFORMATION_FORMAT = dwarf;
				ENABLE_STRICT_OBJC_MSGSEND = YES;
				ENABLE_TESTABILITY = YES;
				GCC_C_LANGUAGE_STANDARD = gnu99;
				GCC_DYNAMIC_NO_PIC = NO;
				GCC_NO_COMMON_BLOCKS = YES;
				GCC_OPTIMIZATION_LEVEL = 0;
				GCC_PREPROCESSOR_DEFINITIONS = (
					"DEBUG=1",
					"$(inherited)",
				);
				GCC_WARN_64_TO_32_BIT_CONVERSION = YES;
				GCC_WARN_ABOUT_RETURN_TYPE = YES_ERROR;
				GCC_WARN_UNDECLARED_SELECTOR = YES;
				GCC_WARN_UNINITIALIZED_AUTOS = YES_AGGRESSIVE;
				GCC_WARN_UNUSED_FUNCTION = YES;
				GCC_WARN_UNUSED_VARIABLE = YES;
				IPHONEOS_DEPLOYMENT_TARGET = 9.2;
				MTL_ENABLE_DEBUG_INFO = YES;
				ONLY_ACTIVE_ARCH = YES;
				SDKROOT = iphoneos;
				TARGETED_DEVICE_FAMILY = "1,2";
			};
			name = Debug;
		};
		AF14C6161C906616000F4EE0 /* Release */ = {
			isa = XCBuildConfiguration;
			buildSettings = {
				ALWAYS_SEARCH_USER_PATHS = NO;
				CLANG_CXX_LANGUAGE_STANDARD = "gnu++0x";
				CLANG_CXX_LIBRARY = "libc++";
				CLANG_ENABLE_MODULES = YES;
				CLANG_ENABLE_OBJC_ARC = YES;
				CLANG_WARN_BOOL_CONVERSION = YES;
				CLANG_WARN_CONSTANT_CONVERSION = YES;
				CLANG_WARN_DIRECT_OBJC_ISA_USAGE = YES_ERROR;
				CLANG_WARN_EMPTY_BODY = YES;
				CLANG_WARN_ENUM_CONVERSION = YES;
				CLANG_WARN_INT_CONVERSION = YES;
				CLANG_WARN_OBJC_ROOT_CLASS = YES_ERROR;
				CLANG_WARN_UNREACHABLE_CODE = YES;
				CLANG_WARN__DUPLICATE_METHOD_MATCH = YES;
				"CODE_SIGN_IDENTITY[sdk=iphoneos*]" = "iPhone Developer";
				COPY_PHASE_STRIP = NO;
				DEBUG_INFORMATION_FORMAT = "dwarf-with-dsym";
				ENABLE_NS_ASSERTIONS = NO;
				ENABLE_STRICT_OBJC_MSGSEND = YES;
				GCC_C_LANGUAGE_STANDARD = gnu99;
				GCC_NO_COMMON_BLOCKS = YES;
				GCC_WARN_64_TO_32_BIT_CONVERSION = YES;
				GCC_WARN_ABOUT_RETURN_TYPE = YES_ERROR;
				GCC_WARN_UNDECLARED_SELECTOR = YES;
				GCC_WARN_UNINITIALIZED_AUTOS = YES_AGGRESSIVE;
				GCC_WARN_UNUSED_FUNCTION = YES;
				GCC_WARN_UNUSED_VARIABLE = YES;
				IPHONEOS_DEPLOYMENT_TARGET = 9.2;
				MTL_ENABLE_DEBUG_INFO = NO;
				SDKROOT = iphoneos;
				TARGETED_DEVICE_FAMILY = "1,2";
				VALIDATE_PRODUCT = YES;
			};
			name = Release;
		};
		AF14C6181C906616000F4EE0 /* Debug */ = {
			isa = XCBuildConfiguration;
			buildSettings = {
				ASSETCATALOG_COMPILER_APPICON_NAME = AppIcon;
				INFOPLIST_FILE = LNNetworking/Info.plist;
				IPHONEOS_DEPLOYMENT_TARGET = 8.0;
				LD_RUNPATH_SEARCH_PATHS = "$(inherited) @executable_path/Frameworks";
				PRODUCT_BUNDLE_IDENTIFIER = com.vvusu.ln.LNNetworking;
				PRODUCT_NAME = "$(TARGET_NAME)";
			};
			name = Debug;
		};
		AF14C6191C906616000F4EE0 /* Release */ = {
			isa = XCBuildConfiguration;
			buildSettings = {
				ASSETCATALOG_COMPILER_APPICON_NAME = AppIcon;
				INFOPLIST_FILE = LNNetworking/Info.plist;
				IPHONEOS_DEPLOYMENT_TARGET = 8.0;
				LD_RUNPATH_SEARCH_PATHS = "$(inherited) @executable_path/Frameworks";
				PRODUCT_BUNDLE_IDENTIFIER = com.vvusu.ln.LNNetworking;
				PRODUCT_NAME = "$(TARGET_NAME)";
			};
			name = Release;
		};
		AF14C61B1C906616000F4EE0 /* Debug */ = {
			isa = XCBuildConfiguration;
			buildSettings = {
				BUNDLE_LOADER = "$(TEST_HOST)";
				INFOPLIST_FILE = LNNetworkingTests/Info.plist;
				LD_RUNPATH_SEARCH_PATHS = "$(inherited) @executable_path/Frameworks @loader_path/Frameworks";
				PRODUCT_BUNDLE_IDENTIFIER = com.vvusu.ln.LNNetworkingTests;
				PRODUCT_NAME = "$(TARGET_NAME)";
				TEST_HOST = "$(BUILT_PRODUCTS_DIR)/LNNetworking.app/LNNetworking";
			};
			name = Debug;
		};
		AF14C61C1C906616000F4EE0 /* Release */ = {
			isa = XCBuildConfiguration;
			buildSettings = {
				BUNDLE_LOADER = "$(TEST_HOST)";
				INFOPLIST_FILE = LNNetworkingTests/Info.plist;
				LD_RUNPATH_SEARCH_PATHS = "$(inherited) @executable_path/Frameworks @loader_path/Frameworks";
				PRODUCT_BUNDLE_IDENTIFIER = com.vvusu.ln.LNNetworkingTests;
				PRODUCT_NAME = "$(TARGET_NAME)";
				TEST_HOST = "$(BUILT_PRODUCTS_DIR)/LNNetworking.app/LNNetworking";
			};
			name = Release;
		};
		AF14C61E1C906616000F4EE0 /* Debug */ = {
			isa = XCBuildConfiguration;
			buildSettings = {
				INFOPLIST_FILE = LNNetworkingUITests/Info.plist;
				LD_RUNPATH_SEARCH_PATHS = "$(inherited) @executable_path/Frameworks @loader_path/Frameworks";
				PRODUCT_BUNDLE_IDENTIFIER = com.vvusu.ln.LNNetworkingUITests;
				PRODUCT_NAME = "$(TARGET_NAME)";
				TEST_TARGET_NAME = LNNetworking;
				USES_XCTRUNNER = YES;
			};
			name = Debug;
		};
		AF14C61F1C906616000F4EE0 /* Release */ = {
			isa = XCBuildConfiguration;
			buildSettings = {
				INFOPLIST_FILE = LNNetworkingUITests/Info.plist;
				LD_RUNPATH_SEARCH_PATHS = "$(inherited) @executable_path/Frameworks @loader_path/Frameworks";
				PRODUCT_BUNDLE_IDENTIFIER = com.vvusu.ln.LNNetworkingUITests;
				PRODUCT_NAME = "$(TARGET_NAME)";
				TEST_TARGET_NAME = LNNetworking;
				USES_XCTRUNNER = YES;
			};
			name = Release;
		};
/* End XCBuildConfiguration section */

/* Begin XCConfigurationList section */
		AF14C5E51C906616000F4EE0 /* Build configuration list for PBXProject "LNNetworking" */ = {
			isa = XCConfigurationList;
			buildConfigurations = (
				AF14C6151C906616000F4EE0 /* Debug */,
				AF14C6161C906616000F4EE0 /* Release */,
			);
			defaultConfigurationIsVisible = 0;
			defaultConfigurationName = Release;
		};
		AF14C6171C906616000F4EE0 /* Build configuration list for PBXNativeTarget "LNNetworking" */ = {
			isa = XCConfigurationList;
			buildConfigurations = (
				AF14C6181C906616000F4EE0 /* Debug */,
				AF14C6191C906616000F4EE0 /* Release */,
			);
			defaultConfigurationIsVisible = 0;
			defaultConfigurationName = Release;
		};
		AF14C61A1C906616000F4EE0 /* Build configuration list for PBXNativeTarget "LNNetworkingTests" */ = {
			isa = XCConfigurationList;
			buildConfigurations = (
				AF14C61B1C906616000F4EE0 /* Debug */,
				AF14C61C1C906616000F4EE0 /* Release */,
			);
			defaultConfigurationIsVisible = 0;
			defaultConfigurationName = Release;
		};
		AF14C61D1C906616000F4EE0 /* Build configuration list for PBXNativeTarget "LNNetworkingUITests" */ = {
			isa = XCConfigurationList;
			buildConfigurations = (
				AF14C61E1C906616000F4EE0 /* Debug */,
				AF14C61F1C906616000F4EE0 /* Release */,
			);
			defaultConfigurationIsVisible = 0;
			defaultConfigurationName = Release;
		};
/* End XCConfigurationList section */
	};
	rootObject = AF14C5E21C906616000F4EE0 /* Project object */;
}
